
Microsoft Visual Studio Solution File, Format Version 12.00
Project("{FAE04EC0-301F-11D3-BF4B-00C04F79EFBC}") = "UserService.API", "UserService.API\UserService.API.csproj", "{C03BA20B-57ED-4755-A754-FAF858397C5C}"
EndProject
Project("{FAE04EC0-301F-11D3-BF4B-00C04F79EFBC}") = "PostService.API", "PostService.API\PostService.API.csproj", "{001FF02E-C2F6-44E8-8F9B-A826F0121BCC}"
EndProject
Project("{2150E333-8FDC-42A3-9474-1A3956D46DE8}") = "Post", "Post", "{978BD855-3796-4278-96FD-6C4FBB7F8D7E}"
EndProject
Project("{2150E333-8FDC-42A3-9474-1A3956D46DE8}") = "User", "User", "{563A86EC-43B5-419B-8695-183171F43DD7}"
EndProject
Project("{FAE04EC0-301F-11D3-BF4B-00C04F79EFBC}") = "UserService.Domain", "UserService.Domain\UserService.Domain.csproj", "{4493F97F-53CB-4968-A6F8-7744B24C46E6}"
EndProject
Project("{FAE04EC0-301F-11D3-BF4B-00C04F79EFBC}") = "UserService.Features", "UserService.Features\UserService.Features.csproj", "{F1170EFC-11BB-45C2-8A41-E5579C34A2EF}"
EndProject
Project("{FAE04EC0-301F-11D3-BF4B-00C04F79EFBC}") = "PostService.Domain", "PostService.Domain\PostService.Domain.csproj", "{F3BB4F59-237A-464A-AE2E-C6105CA9F4FE}"
EndProject
Project("{FAE04EC0-301F-11D3-BF4B-00C04F79EFBC}") = "PostService.Features", "PostService.Features\PostService.Features.csproj", "{F66D8768-77C5-4439-A2E6-52C4BD95BDFF}"
EndProject
Global
	GlobalSection(SolutionConfigurationPlatforms) = preSolution
		Debug|Any CPU = Debug|Any CPU
		Release|Any CPU = Release|Any CPU
	EndGlobalSection
	GlobalSection(ProjectConfigurationPlatforms) = postSolution
		{C03BA20B-57ED-4755-A754-FAF858397C5C}.Debug|Any CPU.ActiveCfg = Debug|Any CPU
		{C03BA20B-57ED-4755-A754-FAF858397C5C}.Debug|Any CPU.Build.0 = Debug|Any CPU
		{C03BA20B-57ED-4755-A754-FAF858397C5C}.Release|Any CPU.ActiveCfg = Release|Any CPU
		{C03BA20B-57ED-4755-A754-FAF858397C5C}.Release|Any CPU.Build.0 = Release|Any CPU
		{001FF02E-C2F6-44E8-8F9B-A826F0121BCC}.Debug|Any CPU.ActiveCfg = Debug|Any CPU
		{001FF02E-C2F6-44E8-8F9B-A826F0121BCC}.Debug|Any CPU.Build.0 = Debug|Any CPU
		{001FF02E-C2F6-44E8-8F9B-A826F0121BCC}.Release|Any CPU.ActiveCfg = Release|Any CPU
		{001FF02E-C2F6-44E8-8F9B-A826F0121BCC}.Release|Any CPU.Build.0 = Release|Any CPU
		{4493F97F-53CB-4968-A6F8-7744B24C46E6}.Debug|Any CPU.ActiveCfg = Debug|Any CPU
		{4493F97F-53CB-4968-A6F8-7744B24C46E6}.Debug|Any CPU.Build.0 = Debug|Any CPU
		{4493F97F-53CB-4968-A6F8-7744B24C46E6}.Release|Any CPU.ActiveCfg = Release|Any CPU
		{4493F97F-53CB-4968-A6F8-7744B24C46E6}.Release|Any CPU.Build.0 = Release|Any CPU
		{F1170EFC-11BB-45C2-8A41-E5579C34A2EF}.Debug|Any CPU.ActiveCfg = Debug|Any CPU
		{F1170EFC-11BB-45C2-8A41-E5579C34A2EF}.Debug|Any CPU.Build.0 = Debug|Any CPU
		{F1170EFC-11BB-45C2-8A41-E5579C34A2EF}.Release|Any CPU.ActiveCfg = Release|Any CPU
		{F1170EFC-11BB-45C2-8A41-E5579C34A2EF}.Release|Any CPU.Build.0 = Release|Any CPU
		{F3BB4F59-237A-464A-AE2E-C6105CA9F4FE}.Debug|Any CPU.ActiveCfg = Debug|Any CPU
		{F3BB4F59-237A-464A-AE2E-C6105CA9F4FE}.Debug|Any CPU.Build.0 = Debug|Any CPU
		{F3BB4F59-237A-464A-AE2E-C6105CA9F4FE}.Release|Any CPU.ActiveCfg = Release|Any CPU
		{F3BB4F59-237A-464A-AE2E-C6105CA9F4FE}.Release|Any CPU.Build.0 = Release|Any CPU
		{F66D8768-77C5-4439-A2E6-52C4BD95BDFF}.Debug|Any CPU.ActiveCfg = Debug|Any CPU
		{F66D8768-77C5-4439-A2E6-52C4BD95BDFF}.Debug|Any CPU.Build.0 = Debug|Any CPU
		{F66D8768-77C5-4439-A2E6-52C4BD95BDFF}.Release|Any CPU.ActiveCfg = Release|Any CPU
		{F66D8768-77C5-4439-A2E6-52C4BD95BDFF}.Release|Any CPU.Build.0 = Release|Any CPU
	EndGlobalSection
	GlobalSection(NestedProjects) = preSolution
		{001FF02E-C2F6-44E8-8F9B-A826F0121BCC} = {978BD855-3796-4278-96FD-6C4FBB7F8D7E}
		{C03BA20B-57ED-4755-A754-FAF858397C5C} = {563A86EC-43B5-419B-8695-183171F43DD7}
		{4493F97F-53CB-4968-A6F8-7744B24C46E6} = {563A86EC-43B5-419B-8695-183171F43DD7}
		{F1170EFC-11BB-45C2-8A41-E5579C34A2EF} = {563A86EC-43B5-419B-8695-183171F43DD7}
		{F3BB4F59-237A-464A-AE2E-C6105CA9F4FE} = {978BD855-3796-4278-96FD-6C4FBB7F8D7E}
		{F66D8768-77C5-4439-A2E6-52C4BD95BDFF} = {978BD855-3796-4278-96FD-6C4FBB7F8D7E}
	EndGlobalSection
EndGlobal
